
Microsoft Visual Studio Solution File, Format Version 12.00
# Visual Studio 15
VisualStudioVersion = 15.0.26014.0
MinimumVisualStudioVersion = 10.0.40219.1
Project("{FAE04EC0-301F-11D3-BF4B-00C04F79EFBC}") = "blqw.MIS.Container", "blqw.MIS\blqw.MIS.Container.csproj", "{A54DF45F-52A2-4785-8E91-F80BE0556285}"
	ProjectSection(ProjectDependencies) = postProject
		{5B066124-FAB8-435E-A86B-7E4D5B270650} = {5B066124-FAB8-435E-A86B-7E4D5B270650}
	EndProjectSection
EndProject
Project("{2150E333-8FDC-42A3-9474-1A3956D46DE8}") = "_files", "_files", "{5AD0237D-C0AF-4A3B-8FDE-1EB0BBAD37C8}"
	ProjectSection(SolutionItems) = preProject
		LICENSE = LICENSE
		README.md = README.md
	EndProjectSection
EndProject
Project("{FAE04EC0-301F-11D3-BF4B-00C04F79EFBC}") = "BizDemo", "BizDemo\BizDemo.csproj", "{46A94ACC-EDF2-42CC-BDE1-94A376D6F3D4}"
	ProjectSection(ProjectDependencies) = postProject
		{5B066124-FAB8-435E-A86B-7E4D5B270650} = {5B066124-FAB8-435E-A86B-7E4D5B270650}
	EndProjectSection
EndProject
Project("{FAE04EC0-301F-11D3-BF4B-00C04F79EFBC}") = "blqw.MIS.Core", "blqw.MIS.Core\blqw.MIS.Core.csproj", "{5B066124-FAB8-435E-A86B-7E4D5B270650}"
EndProject
Project("{FAE04EC0-301F-11D3-BF4B-00C04F79EFBC}") = "OwinHost", "OwinHost\OwinHost.csproj", "{2ABDDA39-E76C-48A0-B8E6-220C74C73DB3}"
	ProjectSection(ProjectDependencies) = postProject
		{0D03B13D-F385-4D11-BDC8-CEDC2F74B4C8} = {0D03B13D-F385-4D11-BDC8-CEDC2F74B4C8}
	EndProjectSection
EndProject
Project("{FAE04EC0-301F-11D3-BF4B-00C04F79EFBC}") = "blqw.MIS.OwinAdapter", "blqw.MIS.Owin\blqw.MIS.OwinAdapter.csproj", "{0D03B13D-F385-4D11-BDC8-CEDC2F74B4C8}"
	ProjectSection(ProjectDependencies) = postProject
		{008058B2-CFDA-4F78-9532-017F1C85B7F9} = {008058B2-CFDA-4F78-9532-017F1C85B7F9}
	EndProjectSection
EndProject
Project("{2150E333-8FDC-42A3-9474-1A3956D46DE8}") = "Hosts", "Hosts", "{87F9E427-A83E-4FEF-AC91-33A7903CD3B3}"
EndProject
Project("{2150E333-8FDC-42A3-9474-1A3956D46DE8}") = "Adapter", "Adapter", "{53731146-4813-434E-B043-A9D0259FCE02}"
EndProject
Project("{2150E333-8FDC-42A3-9474-1A3956D46DE8}") = "MIS", "MIS", "{B4D9E9A9-C39C-4C13-A193-386C5E7D52E0}"
EndProject
Project("{FAE04EC0-301F-11D3-BF4B-00C04F79EFBC}") = "blqw.MIS.Container.NetFramework45", "blqw.MIS.Container.NetFramework45\blqw.MIS.Container.NetFramework45.csproj", "{008058B2-CFDA-4F78-9532-017F1C85B7F9}"
EndProject
Project("{FAE04EC0-301F-11D3-BF4B-00C04F79EFBC}") = "blqw.MIS.UnitTestAdapter", "blqw.MIS.UnitTestAdapter\blqw.MIS.UnitTestAdapter.csproj", "{D01A38C1-35E5-4A40-8C50-F6B1CEE2AC9D}"
EndProject
Project("{FAE04EC0-301F-11D3-BF4B-00C04F79EFBC}") = "UnitTestHost", "UnitTestHost\UnitTestHost.csproj", "{00343343-0A1B-4655-81EF-E6308ACFA65D}"
EndProject
Global
	GlobalSection(SolutionConfigurationPlatforms) = preSolution
		Debug|Any CPU = Debug|Any CPU
		Release|Any CPU = Release|Any CPU
	EndGlobalSection
	GlobalSection(ProjectConfigurationPlatforms) = postSolution
		{A54DF45F-52A2-4785-8E91-F80BE0556285}.Debug|Any CPU.ActiveCfg = Debug|Any CPU
		{A54DF45F-52A2-4785-8E91-F80BE0556285}.Debug|Any CPU.Build.0 = Debug|Any CPU
		{A54DF45F-52A2-4785-8E91-F80BE0556285}.Release|Any CPU.ActiveCfg = Release|Any CPU
		{A54DF45F-52A2-4785-8E91-F80BE0556285}.Release|Any CPU.Build.0 = Release|Any CPU
		{46A94ACC-EDF2-42CC-BDE1-94A376D6F3D4}.Debug|Any CPU.ActiveCfg = Debug|Any CPU
		{46A94ACC-EDF2-42CC-BDE1-94A376D6F3D4}.Debug|Any CPU.Build.0 = Debug|Any CPU
		{46A94ACC-EDF2-42CC-BDE1-94A376D6F3D4}.Release|Any CPU.ActiveCfg = Release|Any CPU
		{46A94ACC-EDF2-42CC-BDE1-94A376D6F3D4}.Release|Any CPU.Build.0 = Release|Any CPU
		{5B066124-FAB8-435E-A86B-7E4D5B270650}.Debug|Any CPU.ActiveCfg = Debug|Any CPU
		{5B066124-FAB8-435E-A86B-7E4D5B270650}.Debug|Any CPU.Build.0 = Debug|Any CPU
		{5B066124-FAB8-435E-A86B-7E4D5B270650}.Release|Any CPU.ActiveCfg = Release|Any CPU
		{5B066124-FAB8-435E-A86B-7E4D5B270650}.Release|Any CPU.Build.0 = Release|Any CPU
		{2ABDDA39-E76C-48A0-B8E6-220C74C73DB3}.Debug|Any CPU.ActiveCfg = Debug|Any CPU
		{2ABDDA39-E76C-48A0-B8E6-220C74C73DB3}.Debug|Any CPU.Build.0 = Debug|Any CPU
		{2ABDDA39-E76C-48A0-B8E6-220C74C73DB3}.Release|Any CPU.ActiveCfg = Release|Any CPU
		{2ABDDA39-E76C-48A0-B8E6-220C74C73DB3}.Release|Any CPU.Build.0 = Release|Any CPU
		{0D03B13D-F385-4D11-BDC8-CEDC2F74B4C8}.Debug|Any CPU.ActiveCfg = Debug|Any CPU
		{0D03B13D-F385-4D11-BDC8-CEDC2F74B4C8}.Debug|Any CPU.Build.0 = Debug|Any CPU
		{0D03B13D-F385-4D11-BDC8-CEDC2F74B4C8}.Release|Any CPU.ActiveCfg = Release|Any CPU
		{0D03B13D-F385-4D11-BDC8-CEDC2F74B4C8}.Release|Any CPU.Build.0 = Release|Any CPU
		{008058B2-CFDA-4F78-9532-017F1C85B7F9}.Debug|Any CPU.ActiveCfg = Debug|Any CPU
		{008058B2-CFDA-4F78-9532-017F1C85B7F9}.Debug|Any CPU.Build.0 = Debug|Any CPU
		{008058B2-CFDA-4F78-9532-017F1C85B7F9}.Release|Any CPU.ActiveCfg = Release|Any CPU
		{008058B2-CFDA-4F78-9532-017F1C85B7F9}.Release|Any CPU.Build.0 = Release|Any CPU
		{D01A38C1-35E5-4A40-8C50-F6B1CEE2AC9D}.Debug|Any CPU.ActiveCfg = Debug|Any CPU
		{D01A38C1-35E5-4A40-8C50-F6B1CEE2AC9D}.Debug|Any CPU.Build.0 = Debug|Any CPU
		{D01A38C1-35E5-4A40-8C50-F6B1CEE2AC9D}.Release|Any CPU.ActiveCfg = Release|Any CPU
		{D01A38C1-35E5-4A40-8C50-F6B1CEE2AC9D}.Release|Any CPU.Build.0 = Release|Any CPU
		{00343343-0A1B-4655-81EF-E6308ACFA65D}.Debug|Any CPU.ActiveCfg = Debug|Any CPU
		{00343343-0A1B-4655-81EF-E6308ACFA65D}.Debug|Any CPU.Build.0 = Debug|Any CPU
		{00343343-0A1B-4655-81EF-E6308ACFA65D}.Release|Any CPU.ActiveCfg = Release|Any CPU
		{00343343-0A1B-4655-81EF-E6308ACFA65D}.Release|Any CPU.Build.0 = Release|Any CPU
	EndGlobalSection
	GlobalSection(SolutionProperties) = preSolution
		HideSolutionNode = FALSE
	EndGlobalSection
	GlobalSection(NestedProjects) = preSolution
		{A54DF45F-52A2-4785-8E91-F80BE0556285} = {B4D9E9A9-C39C-4C13-A193-386C5E7D52E0}
		{5B066124-FAB8-435E-A86B-7E4D5B270650} = {B4D9E9A9-C39C-4C13-A193-386C5E7D52E0}
		{2ABDDA39-E76C-48A0-B8E6-220C74C73DB3} = {87F9E427-A83E-4FEF-AC91-33A7903CD3B3}
		{0D03B13D-F385-4D11-BDC8-CEDC2F74B4C8} = {53731146-4813-434E-B043-A9D0259FCE02}
		{008058B2-CFDA-4F78-9532-017F1C85B7F9} = {B4D9E9A9-C39C-4C13-A193-386C5E7D52E0}
		{D01A38C1-35E5-4A40-8C50-F6B1CEE2AC9D} = {53731146-4813-434E-B043-A9D0259FCE02}
		{00343343-0A1B-4655-81EF-E6308ACFA65D} = {87F9E427-A83E-4FEF-AC91-33A7903CD3B3}
	EndGlobalSection
EndGlobal
