
Microsoft Visual Studio Solution File, Format Version 12.00
# Visual Studio 15
VisualStudioVersion = 15.0.25920.0
MinimumVisualStudioVersion = 10.0.40219.1
Project("{FAE04EC0-301F-11D3-BF4B-00C04F79EFBC}") = "blqw.SIF", "blqw.SIF\blqw.SIF.csproj", "{A54DF45F-52A2-4785-8E91-F80BE0556285}"
EndProject
Project("{2150E333-8FDC-42A3-9474-1A3956D46DE8}") = "files", "files", "{5AD0237D-C0AF-4A3B-8FDE-1EB0BBAD37C8}"
	ProjectSection(SolutionItems) = preProject
		LICENSE = LICENSE
		README.md = README.md
	EndProjectSection
EndProject
Project("{FAE04EC0-301F-11D3-BF4B-00C04F79EFBC}") = "BizDemo", "BizDemo\BizDemo.csproj", "{46A94ACC-EDF2-42CC-BDE1-94A376D6F3D4}"
EndProject
Project("{FAE04EC0-301F-11D3-BF4B-00C04F79EFBC}") = "blqw.SIF.Core", "blqw.SIF.Core\blqw.SIF.Core.csproj", "{5B066124-FAB8-435E-A86B-7E4D5B270650}"
EndProject
Project("{FAE04EC0-301F-11D3-BF4B-00C04F79EFBC}") = "OwinHost", "OwinHost\OwinHost.csproj", "{2ABDDA39-E76C-48A0-B8E6-220C74C73DB3}"
EndProject
Project("{FAE04EC0-301F-11D3-BF4B-00C04F79EFBC}") = "blqw.SIF.Owin", "blqw.SIF.Owin\blqw.SIF.Owin.csproj", "{0D03B13D-F385-4D11-BDC8-CEDC2F74B4C8}"
EndProject
Global
	GlobalSection(SolutionConfigurationPlatforms) = preSolution
		Debug|Any CPU = Debug|Any CPU
		Release|Any CPU = Release|Any CPU
	EndGlobalSection
	GlobalSection(ProjectConfigurationPlatforms) = postSolution
		{A54DF45F-52A2-4785-8E91-F80BE0556285}.Debug|Any CPU.ActiveCfg = Debug|Any CPU
		{A54DF45F-52A2-4785-8E91-F80BE0556285}.Debug|Any CPU.Build.0 = Debug|Any CPU
		{A54DF45F-52A2-4785-8E91-F80BE0556285}.Release|Any CPU.ActiveCfg = Release|Any CPU
		{A54DF45F-52A2-4785-8E91-F80BE0556285}.Release|Any CPU.Build.0 = Release|Any CPU
		{46A94ACC-EDF2-42CC-BDE1-94A376D6F3D4}.Debug|Any CPU.ActiveCfg = Debug|Any CPU
		{46A94ACC-EDF2-42CC-BDE1-94A376D6F3D4}.Debug|Any CPU.Build.0 = Debug|Any CPU
		{46A94ACC-EDF2-42CC-BDE1-94A376D6F3D4}.Release|Any CPU.ActiveCfg = Release|Any CPU
		{46A94ACC-EDF2-42CC-BDE1-94A376D6F3D4}.Release|Any CPU.Build.0 = Release|Any CPU
		{5B066124-FAB8-435E-A86B-7E4D5B270650}.Debug|Any CPU.ActiveCfg = Debug|Any CPU
		{5B066124-FAB8-435E-A86B-7E4D5B270650}.Debug|Any CPU.Build.0 = Debug|Any CPU
		{5B066124-FAB8-435E-A86B-7E4D5B270650}.Release|Any CPU.ActiveCfg = Release|Any CPU
		{5B066124-FAB8-435E-A86B-7E4D5B270650}.Release|Any CPU.Build.0 = Release|Any CPU
		{2ABDDA39-E76C-48A0-B8E6-220C74C73DB3}.Debug|Any CPU.ActiveCfg = Debug|Any CPU
		{2ABDDA39-E76C-48A0-B8E6-220C74C73DB3}.Debug|Any CPU.Build.0 = Debug|Any CPU
		{2ABDDA39-E76C-48A0-B8E6-220C74C73DB3}.Release|Any CPU.ActiveCfg = Release|Any CPU
		{2ABDDA39-E76C-48A0-B8E6-220C74C73DB3}.Release|Any CPU.Build.0 = Release|Any CPU
		{0D03B13D-F385-4D11-BDC8-CEDC2F74B4C8}.Debug|Any CPU.ActiveCfg = Debug|Any CPU
		{0D03B13D-F385-4D11-BDC8-CEDC2F74B4C8}.Debug|Any CPU.Build.0 = Debug|Any CPU
		{0D03B13D-F385-4D11-BDC8-CEDC2F74B4C8}.Release|Any CPU.ActiveCfg = Release|Any CPU
		{0D03B13D-F385-4D11-BDC8-CEDC2F74B4C8}.Release|Any CPU.Build.0 = Release|Any CPU
	EndGlobalSection
	GlobalSection(SolutionProperties) = preSolution
		HideSolutionNode = FALSE
	EndGlobalSection
EndGlobal
